
Microsoft Visual Studio Solution File, Format Version 12.00
# Visual Studio Version 16
VisualStudioVersion = 16.0.32002.261
MinimumVisualStudioVersion = 10.0.40219.1
Project("{FAE04EC0-301F-11D3-BF4B-00C04F79EFBC}") = "poo", "poo\poo.csproj", "{3AD63231-50C6-4DE9-983C-6016E40381D0}"
EndProject
Global
	GlobalSection(SolutionConfigurationPlatforms) = preSolution
		Debug|Any CPU = Debug|Any CPU
		Release|Any CPU = Release|Any CPU
	EndGlobalSection
	GlobalSection(ProjectConfigurationPlatforms) = postSolution
		{3AD63231-50C6-4DE9-983C-6016E40381D0}.Debug|Any CPU.ActiveCfg = Debug|Any CPU
		{3AD63231-50C6-4DE9-983C-6016E40381D0}.Debug|Any CPU.Build.0 = Debug|Any CPU
		{3AD63231-50C6-4DE9-983C-6016E40381D0}.Release|Any CPU.ActiveCfg = Release|Any CPU
		{3AD63231-50C6-4DE9-983C-6016E40381D0}.Release|Any CPU.Build.0 = Release|Any CPU
	EndGlobalSection
	GlobalSection(SolutionProperties) = preSolution
		HideSolutionNode = FALSE
	EndGlobalSection
	GlobalSection(ExtensibilityGlobals) = postSolution
		SolutionGuid = {D0325847-8DC6-471F-81CA-355A5D698C29}
	EndGlobalSection
EndGlobal
